
Microsoft Visual Studio Solution File, Format Version 12.00
# Visual Studio Version 16
VisualStudioVersion = 16.0.28922.388
MinimumVisualStudioVersion = 10.0.40219.1
Project("{FAE04EC0-301F-11D3-BF4B-00C04F79EFBC}") = "Homework_MoneyList", "Homework_MoneyList.csproj", "{1AAE9AC6-8E55-47CE-9A35-FFCE06D73519}"
EndProject
Global
	GlobalSection(SolutionConfigurationPlatforms) = preSolution
		Debug|Any CPU = Debug|Any CPU
		Release|Any CPU = Release|Any CPU
	EndGlobalSection
	GlobalSection(ProjectConfigurationPlatforms) = postSolution
		{1AAE9AC6-8E55-47CE-9A35-FFCE06D73519}.Debug|Any CPU.ActiveCfg = Debug|Any CPU
		{1AAE9AC6-8E55-47CE-9A35-FFCE06D73519}.Debug|Any CPU.Build.0 = Debug|Any CPU
		{1AAE9AC6-8E55-47CE-9A35-FFCE06D73519}.Release|Any CPU.ActiveCfg = Release|Any CPU
		{1AAE9AC6-8E55-47CE-9A35-FFCE06D73519}.Release|Any CPU.Build.0 = Release|Any CPU
	EndGlobalSection
	GlobalSection(SolutionProperties) = preSolution
		HideSolutionNode = FALSE
	EndGlobalSection
	GlobalSection(ExtensibilityGlobals) = postSolution
		SolutionGuid = {13548BDB-B246-4610-B25C-4BB0A1815D39}
	EndGlobalSection
EndGlobal
